# This file is generated by running "yarn install" inside your project.
# Manual changes might be lost - proceed with caution!

__metadata:
  version: 5
  cacheKey: 8

"@grpc/grpc-js@npm:^1.2.4":
  version: 1.4.4
  resolution: "@grpc/grpc-js@npm:1.4.4"
  dependencies:
    "@grpc/proto-loader": ^0.6.4
    "@types/node": ">=12.12.47"
  checksum: f9be710ceff8e14865718dbead97c85f3457889ae01c4d94f1338bb19dfe19c92549046b3ea2f0df31360363c39322031dfff0189df5798e7b8452016afcce6e
  languageName: node
  linkType: hard

"@grpc/proto-loader@npm:^0.4.0":
  version: 0.4.0
  resolution: "@grpc/proto-loader@npm:0.4.0"
  dependencies:
    lodash.camelcase: ^4.3.0
    protobufjs: ^6.8.6
  checksum: 0b9135236d118f30eef50987d0359ab1779204c4e476512c5b09e526f34aa50ef03a0c468d569d51678babe3a75c906f6a63e20054dce5deb0a270f2002853f9
  languageName: node
  linkType: hard

"@grpc/proto-loader@npm:^0.6.4":
  version: 0.6.6
  resolution: "@grpc/proto-loader@npm:0.6.6"
  dependencies:
    "@types/long": ^4.0.1
    lodash.camelcase: ^4.3.0
    long: ^4.0.0
    protobufjs: ^6.10.0
    yargs: ^16.1.1
  bin:
    proto-loader-gen-types: build/bin/proto-loader-gen-types.js
  checksum: d147accc4d6bbdfd67ca681192cea286511aadc532930b77106bb458b094a8473031eb0de523e5fe2e0e87c4f5ee7c4c31248e01276b910040da169e0f6b3196
  languageName: node
  linkType: hard

"@protobufjs/aspromise@npm:^1.1.1, @protobufjs/aspromise@npm:^1.1.2":
  version: 1.1.2
  resolution: "@protobufjs/aspromise@npm:1.1.2"
  checksum: 011fe7ef0826b0fd1a95935a033a3c0fd08483903e1aa8f8b4e0704e3233406abb9ee25350ec0c20bbecb2aad8da0dcea58b392bbd77d6690736f02c143865d2
  languageName: node
  linkType: hard

"@protobufjs/base64@npm:^1.1.2":
  version: 1.1.2
  resolution: "@protobufjs/base64@npm:1.1.2"
  checksum: 67173ac34de1e242c55da52c2f5bdc65505d82453893f9b51dc74af9fe4c065cf4a657a4538e91b0d4a1a1e0a0642215e31894c31650ff6e3831471061e1ee9e
  languageName: node
  linkType: hard

"@protobufjs/codegen@npm:^2.0.4":
  version: 2.0.4
  resolution: "@protobufjs/codegen@npm:2.0.4"
  checksum: 59240c850b1d3d0b56d8f8098dd04787dcaec5c5bd8de186fa548de86b86076e1c50e80144b90335e705a044edf5bc8b0998548474c2a10a98c7e004a1547e4b
  languageName: node
  linkType: hard

"@protobufjs/eventemitter@npm:^1.1.0":
  version: 1.1.0
  resolution: "@protobufjs/eventemitter@npm:1.1.0"
  checksum: 0369163a3d226851682f855f81413cbf166cd98f131edb94a0f67f79e75342d86e89df9d7a1df08ac28be2bc77e0a7f0200526bb6c2a407abbfee1f0262d5fd7
  languageName: node
  linkType: hard

"@protobufjs/fetch@npm:^1.1.0":
  version: 1.1.0
  resolution: "@protobufjs/fetch@npm:1.1.0"
  dependencies:
    "@protobufjs/aspromise": ^1.1.1
    "@protobufjs/inquire": ^1.1.0
  checksum: 3fce7e09eb3f1171dd55a192066450f65324fd5f7cc01a431df01bb00d0a895e6bfb5b0c5561ce157ee1d886349c90703d10a4e11a1a256418ff591b969b3477
  languageName: node
  linkType: hard

"@protobufjs/float@npm:^1.0.2":
  version: 1.0.2
  resolution: "@protobufjs/float@npm:1.0.2"
  checksum: 5781e1241270b8bd1591d324ca9e3a3128d2f768077a446187a049e36505e91bc4156ed5ac3159c3ce3d2ba3743dbc757b051b2d723eea9cd367bfd54ab29b2f
  languageName: node
  linkType: hard

"@protobufjs/inquire@npm:^1.1.0":
  version: 1.1.0
  resolution: "@protobufjs/inquire@npm:1.1.0"
  checksum: ca06f02eaf65ca36fb7498fc3492b7fc087bfcc85c702bac5b86fad34b692bdce4990e0ef444c1e2aea8c034227bd1f0484be02810d5d7e931c55445555646f4
  languageName: node
  linkType: hard

"@protobufjs/path@npm:^1.1.2":
  version: 1.1.2
  resolution: "@protobufjs/path@npm:1.1.2"
  checksum: 856eeb532b16a7aac071cacde5c5620df800db4c80cee6dbc56380524736205aae21e5ae47739114bf669ab5e8ba0e767a282ad894f3b5e124197cb9224445ee
  languageName: node
  linkType: hard

"@protobufjs/pool@npm:^1.1.0":
  version: 1.1.0
  resolution: "@protobufjs/pool@npm:1.1.0"
  checksum: d6a34fbbd24f729e2a10ee915b74e1d77d52214de626b921b2d77288bd8f2386808da2315080f2905761527cceffe7ec34c7647bd21a5ae41a25e8212ff79451
  languageName: node
  linkType: hard

"@protobufjs/utf8@npm:^1.1.0":
  version: 1.1.0
  resolution: "@protobufjs/utf8@npm:1.1.0"
  checksum: f9bf3163d13aaa3b6f5e6fbf37a116e094ea021c0e1f2a7ccd0e12a29e2ce08dafba4e8b36e13f8ed7397e1591610ce880ed1289af4d66cf4ace8a36a9557278
  languageName: node
  linkType: hard

"@radar/lnrpc@npm:^0.11.1-beta.1":
  version: 0.11.1-beta.1
  resolution: "@radar/lnrpc@npm:0.11.1-beta.1"
  dependencies:
    "@grpc/grpc-js": ^1.2.4
    "@grpc/proto-loader": ^0.4.0
    "@types/google-protobuf": ^3.2.7
    pkg-dir: ^2.0.0
    ts-protoc-gen: ^0.8.0
  checksum: 0460ef4569f00c1db664fadfe05caf01c18725f1dcce32a68bd76a96d2df8409b4be83d13362847abf2a4a566ee58c2becf52ddb1edafdbb996be00b532e353c
  languageName: node
  linkType: hard

"@types/body-parser@npm:*, @types/body-parser@npm:^1":
  version: 1.19.1
  resolution: "@types/body-parser@npm:1.19.1"
  dependencies:
    "@types/connect": "*"
    "@types/node": "*"
  checksum: 2990656ea2de81f3529a3359a79a13b67feb4c627caf7a367fdc0017a178e567b0cc410546bdd219104ad7197c5ee5a90b70193f5253839ea43d9cdb2d2dacee
  languageName: node
  linkType: hard

"@types/connect@npm:*":
  version: 3.4.35
  resolution: "@types/connect@npm:3.4.35"
  dependencies:
    "@types/node": "*"
  checksum: fe81351470f2d3165e8b12ce33542eef89ea893e36dd62e8f7d72566dfb7e448376ae962f9f3ea888547ce8b55a40020ca0e01d637fab5d99567673084542641
  languageName: node
  linkType: hard

"@types/cors@npm:^2":
  version: 2.8.12
  resolution: "@types/cors@npm:2.8.12"
  checksum: 8c45f112c7d1d2d831b4b266f2e6ed33a1887a35dcbfe2a18b28370751fababb7cd045e745ef84a523c33a25932678097bf79afaa367c6cb3fa0daa7a6438257
  languageName: node
  linkType: hard

"@types/express-serve-static-core@npm:^4.17.18":
  version: 4.17.25
  resolution: "@types/express-serve-static-core@npm:4.17.25"
  dependencies:
    "@types/node": "*"
    "@types/qs": "*"
    "@types/range-parser": "*"
  checksum: a60d44676db470afd413130ca8b464d864eb2c1a882b1037a52c5b612eebb61bcc4289d927cb09456be56c78bebe3cb24ffeaf0fa11bd7f5237a3ed5360abf3a
  languageName: node
  linkType: hard

"@types/express@npm:^4.17.13":
  version: 4.17.13
  resolution: "@types/express@npm:4.17.13"
  dependencies:
    "@types/body-parser": "*"
    "@types/express-serve-static-core": ^4.17.18
    "@types/qs": "*"
    "@types/serve-static": "*"
  checksum: 12a2a0e6c4b993fc0854bec665906788aea0d8ee4392389d7a98a5de1eefdd33c9e1e40a91f3afd274011119c506f7b4126acb97fae62ae20b654974d44cba12
  languageName: node
  linkType: hard

"@types/google-protobuf@npm:^3.2.7":
  version: 3.15.5
  resolution: "@types/google-protobuf@npm:3.15.5"
  checksum: 43f52df3b56fe858ffca6a560cd83bb5b0d4441d11634dcf1f6838fda91629027687650389b9fd8960c18fcf3f530c11f74699b3d11e4fa9db1df4048c76ac40
  languageName: node
  linkType: hard

"@types/long@npm:^4.0.1":
  version: 4.0.1
  resolution: "@types/long@npm:4.0.1"
  checksum: ff9653c33f5000d0f131fd98a950a0343e2e33107dd067a97ac4a3b9678e1a2e39ea44772ad920f54ef6e8f107f76bc92c2584ba905a0dc4253282a4101166d0
  languageName: node
  linkType: hard

"@types/mime@npm:^1":
  version: 1.3.2
  resolution: "@types/mime@npm:1.3.2"
  checksum: 0493368244cced1a69cb791b485a260a422e6fcc857782e1178d1e6f219f1b161793e9f87f5fae1b219af0f50bee24fcbe733a18b4be8fdd07a38a8fb91146fd
  languageName: node
  linkType: hard

"@types/node@npm:*, @types/node@npm:>=12.12.47, @types/node@npm:>=13.7.0, @types/node@npm:^16.11.7":
  version: 16.11.7
  resolution: "@types/node@npm:16.11.7"
  checksum: 2706403e6efc4aa40fdce8f0b5d9884d5600c3c8610aedc7fa5e7e298d30366f7e8b7296028d52898dca3edef4c3e827b03bf20952c4780f13fa4e79864f7a86
  languageName: node
  linkType: hard

"@types/qs@npm:*":
  version: 6.9.7
  resolution: "@types/qs@npm:6.9.7"
  checksum: 7fd6f9c25053e9b5bb6bc9f9f76c1d89e6c04f7707a7ba0e44cc01f17ef5284adb82f230f542c2d5557d69407c9a40f0f3515e8319afd14e1e16b5543ac6cdba
  languageName: node
  linkType: hard

"@types/range-parser@npm:*":
  version: 1.2.4
  resolution: "@types/range-parser@npm:1.2.4"
  checksum: b7c0dfd5080a989d6c8bb0b6750fc0933d9acabeb476da6fe71d8bdf1ab65e37c136169d84148034802f48378ab94e3c37bb4ef7656b2bec2cb9c0f8d4146a95
  languageName: node
  linkType: hard

"@types/serve-static@npm:*":
  version: 1.13.10
  resolution: "@types/serve-static@npm:1.13.10"
  dependencies:
    "@types/mime": ^1
    "@types/node": "*"
  checksum: eaca858739483e3ded254cad7d7a679dc2c8b3f52c8bb0cd845b3b7eb1984bde0371fdcb0a5c83aa12e6daf61b6beb762545021f520f08a1fe882a3fa4ea5554
  languageName: node
  linkType: hard

"accepts@npm:~1.3.7":
  version: 1.3.7
  resolution: "accepts@npm:1.3.7"
  dependencies:
    mime-types: ~2.1.24
    negotiator: 0.6.2
  checksum: 27fc8060ffc69481ff6719cd3ee06387d2b88381cb0ce626f087781bbd02201a645a9febc8e7e7333558354b33b1d2f922ad13560be4ec1b7ba9e76fc1c1241d
  languageName: node
  linkType: hard

"ansi-regex@npm:^5.0.1":
  version: 5.0.1
  resolution: "ansi-regex@npm:5.0.1"
  checksum: 2aa4bb54caf2d622f1afdad09441695af2a83aa3fe8b8afa581d205e57ed4261c183c4d3877cee25794443fde5876417d859c108078ab788d6af7e4fe52eb66b
  languageName: node
  linkType: hard

"ansi-styles@npm:^4.0.0":
  version: 4.3.0
  resolution: "ansi-styles@npm:4.3.0"
  dependencies:
    color-convert: ^2.0.1
  checksum: 513b44c3b2105dd14cc42a19271e80f386466c4be574bccf60b627432f9198571ebf4ab1e4c3ba17347658f4ee1711c163d574248c0c1cdc2d5917a0ad582ec4
  languageName: node
  linkType: hard

"array-flatten@npm:1.1.1":
  version: 1.1.1
  resolution: "array-flatten@npm:1.1.1"
  checksum: a9925bf3512d9dce202112965de90c222cd59a4fbfce68a0951d25d965cf44642931f40aac72309c41f12df19afa010ecadceb07cfff9ccc1621e99d89ab5f3b
  languageName: node
  linkType: hard

"axios@npm:^0.24.0":
  version: 0.24.0
  resolution: "axios@npm:0.24.0"
  dependencies:
    follow-redirects: ^1.14.4
  checksum: 468cf496c08a6aadfb7e699bebdac02851e3043d4e7d282350804ea8900e30d368daa6e3cd4ab83b8ddb5a3b1e17a5a21ada13fc9cebd27b74828f47a4236316
  languageName: node
  linkType: hard

"body-parser@npm:1.19.0, body-parser@npm:^1.19.0":
  version: 1.19.0
  resolution: "body-parser@npm:1.19.0"
  dependencies:
    bytes: 3.1.0
    content-type: ~1.0.4
    debug: 2.6.9
    depd: ~1.1.2
    http-errors: 1.7.2
    iconv-lite: 0.4.24
    on-finished: ~2.3.0
    qs: 6.7.0
    raw-body: 2.4.0
    type-is: ~1.6.17
  checksum: 490231b4c89bbd43112762f7ba8e5342c174a6c9f64284a3b0fcabf63277e332f8316765596f1e5b15e4f3a6cf0422e005f4bb3149ed3a224bb025b7a36b9ac1
  languageName: node
  linkType: hard

"bytes@npm:3.1.0":
  version: 3.1.0
  resolution: "bytes@npm:3.1.0"
  checksum: 7c3b21c5d9d44ed455460d5d36a31abc6fa2ce3807964ba60a4b03fd44454c8cf07bb0585af83bfde1c5cc2ea4bbe5897bc3d18cd15e0acf25a3615a35aba2df
  languageName: node
  linkType: hard

"cliui@npm:^7.0.2":
  version: 7.0.4
  resolution: "cliui@npm:7.0.4"
  dependencies:
    string-width: ^4.2.0
    strip-ansi: ^6.0.0
    wrap-ansi: ^7.0.0
  checksum: ce2e8f578a4813806788ac399b9e866297740eecd4ad1823c27fd344d78b22c5f8597d548adbcc46f0573e43e21e751f39446c5a5e804a12aace402b7a315d7f
  languageName: node
  linkType: hard

"color-convert@npm:^2.0.1":
  version: 2.0.1
  resolution: "color-convert@npm:2.0.1"
  dependencies:
    color-name: ~1.1.4
  checksum: 79e6bdb9fd479a205c71d89574fccfb22bd9053bd98c6c4d870d65c132e5e904e6034978e55b43d69fcaa7433af2016ee203ce76eeba9cfa554b373e7f7db336
  languageName: node
  linkType: hard

"color-name@npm:~1.1.4":
  version: 1.1.4
  resolution: "color-name@npm:1.1.4"
  checksum: b0445859521eb4021cd0fb0cc1a75cecf67fceecae89b63f62b201cca8d345baf8b952c966862a9d9a2632987d4f6581f0ec8d957dfacece86f0a7919316f610
  languageName: node
  linkType: hard

"content-disposition@npm:0.5.3":
  version: 0.5.3
  resolution: "content-disposition@npm:0.5.3"
  dependencies:
    safe-buffer: 5.1.2
  checksum: 95bf164c0b0b8199d3f44b7631e51b37f683c6a90b9baa4315bd3d405a6d1bc81b7346f0981046aa004331fb3d7a28b629514d01fc209a5251573fc7e4d33380
  languageName: node
  linkType: hard

"content-type@npm:~1.0.4":
  version: 1.0.4
  resolution: "content-type@npm:1.0.4"
  checksum: 3d93585fda985d1554eca5ebd251994327608d2e200978fdbfba21c0c679914d5faf266d17027de44b34a72c7b0745b18584ecccaa7e1fdfb6a68ac7114f12e0
  languageName: node
  linkType: hard

"cookie-signature@npm:1.0.6":
  version: 1.0.6
  resolution: "cookie-signature@npm:1.0.6"
  checksum: f4e1b0a98a27a0e6e66fd7ea4e4e9d8e038f624058371bf4499cfcd8f3980be9a121486995202ba3fca74fbed93a407d6d54d43a43f96fd28d0bd7a06761591a
  languageName: node
  linkType: hard

"cookie@npm:0.4.0":
  version: 0.4.0
  resolution: "cookie@npm:0.4.0"
  checksum: 760384ba0aef329c52523747e36a452b5e51bc49b34160363a6934e7b7df3f93fcc88b35e33450361535d40a92a96412da870e1816aba9aa6cc556a9fedd8492
  languageName: node
  linkType: hard

"cors@npm:^2.8.5":
  version: 2.8.5
  resolution: "cors@npm:2.8.5"
  dependencies:
    object-assign: ^4
    vary: ^1
  checksum: ced838404ccd184f61ab4fdc5847035b681c90db7ac17e428f3d81d69e2989d2b680cc254da0e2554f5ed4f8a341820a1ce3d1c16b499f6e2f47a1b9b07b5006
  languageName: node
  linkType: hard

"debug@npm:2.6.9":
  version: 2.6.9
  resolution: "debug@npm:2.6.9"
  dependencies:
    ms: 2.0.0
  checksum: d2f51589ca66df60bf36e1fa6e4386b318c3f1e06772280eea5b1ae9fd3d05e9c2b7fd8a7d862457d00853c75b00451aa2d7459b924629ee385287a650f58fe6
  languageName: node
  linkType: hard

"depd@npm:~1.1.2":
  version: 1.1.2
  resolution: "depd@npm:1.1.2"
  checksum: 6b406620d269619852885ce15965272b829df6f409724415e0002c8632ab6a8c0a08ec1f0bd2add05dc7bd7507606f7e2cc034fa24224ab829580040b835ecd9
  languageName: node
  linkType: hard

"destroy@npm:~1.0.4":
  version: 1.0.4
  resolution: "destroy@npm:1.0.4"
  checksum: da9ab4961dc61677c709da0c25ef01733042614453924d65636a7db37308fef8a24cd1e07172e61173d471ca175371295fbc984b0af5b2b4ff47cd57bd784c03
  languageName: node
  linkType: hard

"ee-first@npm:1.1.1":
  version: 1.1.1
  resolution: "ee-first@npm:1.1.1"
  checksum: 1b4cac778d64ce3b582a7e26b218afe07e207a0f9bfe13cc7395a6d307849cfe361e65033c3251e00c27dd060cab43014c2d6b2647676135e18b77d2d05b3f4f
  languageName: node
  linkType: hard

"emoji-regex@npm:^8.0.0":
  version: 8.0.0
  resolution: "emoji-regex@npm:8.0.0"
  checksum: d4c5c39d5a9868b5fa152f00cada8a936868fd3367f33f71be515ecee4c803132d11b31a6222b2571b1e5f7e13890156a94880345594d0ce7e3c9895f560f192
  languageName: node
  linkType: hard

"encodeurl@npm:~1.0.2":
  version: 1.0.2
  resolution: "encodeurl@npm:1.0.2"
  checksum: e50e3d508cdd9c4565ba72d2012e65038e5d71bdc9198cb125beb6237b5b1ade6c0d343998da9e170fb2eae52c1bed37d4d6d98a46ea423a0cddbed5ac3f780c
  languageName: node
  linkType: hard

"escalade@npm:^3.1.1":
  version: 3.1.1
  resolution: "escalade@npm:3.1.1"
  checksum: a3e2a99f07acb74b3ad4989c48ca0c3140f69f923e56d0cba0526240ee470b91010f9d39001f2a4a313841d237ede70a729e92125191ba5d21e74b106800b133
  languageName: node
  linkType: hard

"escape-html@npm:~1.0.3":
  version: 1.0.3
  resolution: "escape-html@npm:1.0.3"
  checksum: 6213ca9ae00d0ab8bccb6d8d4e0a98e76237b2410302cf7df70aaa6591d509a2a37ce8998008cbecae8fc8ffaadf3fb0229535e6a145f3ce0b211d060decbb24
  languageName: node
  linkType: hard

"etag@npm:~1.8.1":
  version: 1.8.1
  resolution: "etag@npm:1.8.1"
  checksum: 571aeb3dbe0f2bbd4e4fadbdb44f325fc75335cd5f6f6b6a091e6a06a9f25ed5392f0863c5442acb0646787446e816f13cbfc6edce5b07658541dff573cab1ff
  languageName: node
  linkType: hard

"express@npm:^4.17.1":
  version: 4.17.1
  resolution: "express@npm:4.17.1"
  dependencies:
    accepts: ~1.3.7
    array-flatten: 1.1.1
    body-parser: 1.19.0
    content-disposition: 0.5.3
    content-type: ~1.0.4
    cookie: 0.4.0
    cookie-signature: 1.0.6
    debug: 2.6.9
    depd: ~1.1.2
    encodeurl: ~1.0.2
    escape-html: ~1.0.3
    etag: ~1.8.1
    finalhandler: ~1.1.2
    fresh: 0.5.2
    merge-descriptors: 1.0.1
    methods: ~1.1.2
    on-finished: ~2.3.0
    parseurl: ~1.3.3
    path-to-regexp: 0.1.7
    proxy-addr: ~2.0.5
    qs: 6.7.0
    range-parser: ~1.2.1
    safe-buffer: 5.1.2
    send: 0.17.1
    serve-static: 1.14.1
    setprototypeof: 1.1.1
    statuses: ~1.5.0
    type-is: ~1.6.18
    utils-merge: 1.0.1
    vary: ~1.1.2
  checksum: d964e9e17af331ea6fa2f84999b063bc47189dd71b4a735df83f9126d3bb2b92e830f1cb1d7c2742530eb625e2689d7a9a9c71f0c3cc4dd6015c3cd32a01abd5
  languageName: node
  linkType: hard

"express@workspace:.":
  version: 0.0.0-use.local
  resolution: "express@workspace:."
  dependencies:
    "@radar/lnrpc": ^0.11.1-beta.1
    "@types/body-parser": ^1
    "@types/cors": ^2
    "@types/express": ^4.17.13
    "@types/node": ^16.11.7
    axios: ^0.24.0
    body-parser: ^1.19.0
    cors: ^2.8.5
    express: ^4.17.1
    moment: ^2.29.1
    typescript: ^4.4.4
  languageName: unknown
  linkType: soft

"finalhandler@npm:~1.1.2":
  version: 1.1.2
  resolution: "finalhandler@npm:1.1.2"
  dependencies:
    debug: 2.6.9
    encodeurl: ~1.0.2
    escape-html: ~1.0.3
    on-finished: ~2.3.0
    parseurl: ~1.3.3
    statuses: ~1.5.0
    unpipe: ~1.0.0
  checksum: 617880460c5138dd7ccfd555cb5dde4d8f170f4b31b8bd51e4b646bb2946c30f7db716428a1f2882d730d2b72afb47d1f67cc487b874cb15426f95753a88965e
  languageName: node
  linkType: hard

"find-up@npm:^2.1.0":
  version: 2.1.0
  resolution: "find-up@npm:2.1.0"
  dependencies:
    locate-path: ^2.0.0
  checksum: 43284fe4da09f89011f08e3c32cd38401e786b19226ea440b75386c1b12a4cb738c94969808d53a84f564ede22f732c8409e3cfc3f7fb5b5c32378ad0bbf28bd
  languageName: node
  linkType: hard

"follow-redirects@npm:^1.14.4":
  version: 1.14.5
  resolution: "follow-redirects@npm:1.14.5"
  peerDependenciesMeta:
    debug:
      optional: true
  checksum: f004a76b2ee3a849772c2816e30928253bf47537b0f00184d89f4966413add96a228a4d96ca8c702bc045a683c52c2ba41545c915cc1a5e33bf8fd9d07b59aee
  languageName: node
  linkType: hard

"forwarded@npm:0.2.0":
  version: 0.2.0
  resolution: "forwarded@npm:0.2.0"
  checksum: fd27e2394d8887ebd16a66ffc889dc983fbbd797d5d3f01087c020283c0f019a7d05ee85669383d8e0d216b116d720fc0cef2f6e9b7eb9f4c90c6e0bc7fd28e6
  languageName: node
  linkType: hard

"fresh@npm:0.5.2":
  version: 0.5.2
  resolution: "fresh@npm:0.5.2"
  checksum: 13ea8b08f91e669a64e3ba3a20eb79d7ca5379a81f1ff7f4310d54e2320645503cc0c78daedc93dfb6191287295f6479544a649c64d8e41a1c0fb0c221552346
  languageName: node
  linkType: hard

"get-caller-file@npm:^2.0.5":
  version: 2.0.5
  resolution: "get-caller-file@npm:2.0.5"
  checksum: b9769a836d2a98c3ee734a88ba712e62703f1df31b94b784762c433c27a386dd6029ff55c2a920c392e33657d80191edbf18c61487e198844844516f843496b9
  languageName: node
  linkType: hard

"google-protobuf@npm:^3.6.1":
  version: 3.19.1
  resolution: "google-protobuf@npm:3.19.1"
  checksum: 9ec57e1bdff76f9aec0f855376c1e0aa07de5c1b856b490d5c72b9e69a9e6e6ad24879a14e148a1542dbf27444575ad88b0a96c779f0d11b94211d78e1e5c924
  languageName: node
  linkType: hard

"http-errors@npm:1.7.2, http-errors@npm:~1.7.2":
  version: 1.7.2
  resolution: "http-errors@npm:1.7.2"
  dependencies:
    depd: ~1.1.2
    inherits: 2.0.3
    setprototypeof: 1.1.1
    statuses: ">= 1.5.0 < 2"
    toidentifier: 1.0.0
  checksum: 5534b0ae08e77f5a45a2380f500e781f6580c4ff75b816cb1f09f99a290b57e78a518be6d866db1b48cca6b052c09da2c75fc91fb16a2fe3da3c44d9acbb9972
  languageName: node
  linkType: hard

"iconv-lite@npm:0.4.24":
  version: 0.4.24
  resolution: "iconv-lite@npm:0.4.24"
  dependencies:
    safer-buffer: ">= 2.1.2 < 3"
  checksum: bd9f120f5a5b306f0bc0b9ae1edeb1577161503f5f8252a20f1a9e56ef8775c9959fd01c55f2d3a39d9a8abaf3e30c1abeb1895f367dcbbe0a8fd1c9ca01c4f6
  languageName: node
  linkType: hard

"inherits@npm:2.0.3":
  version: 2.0.3
  resolution: "inherits@npm:2.0.3"
  checksum: 78cb8d7d850d20a5e9a7f3620db31483aa00ad5f722ce03a55b110e5a723539b3716a3b463e2b96ce3fe286f33afc7c131fa2f91407528ba80cea98a7545d4c0
  languageName: node
  linkType: hard

"ipaddr.js@npm:1.9.1":
  version: 1.9.1
  resolution: "ipaddr.js@npm:1.9.1"
  checksum: f88d3825981486f5a1942414c8d77dd6674dd71c065adcfa46f578d677edcb99fda25af42675cb59db492fdf427b34a5abfcde3982da11a8fd83a500b41cfe77
  languageName: node
  linkType: hard

"is-fullwidth-code-point@npm:^3.0.0":
  version: 3.0.0
  resolution: "is-fullwidth-code-point@npm:3.0.0"
  checksum: 44a30c29457c7fb8f00297bce733f0a64cd22eca270f83e58c105e0d015e45c019491a4ab2faef91ab51d4738c670daff901c799f6a700e27f7314029e99e348
  languageName: node
  linkType: hard

"locate-path@npm:^2.0.0":
  version: 2.0.0
  resolution: "locate-path@npm:2.0.0"
  dependencies:
    p-locate: ^2.0.0
    path-exists: ^3.0.0
  checksum: 02d581edbbbb0fa292e28d96b7de36b5b62c2fa8b5a7e82638ebb33afa74284acf022d3b1e9ae10e3ffb7658fbc49163fcd5e76e7d1baaa7801c3e05a81da755
  languageName: node
  linkType: hard

"lodash.camelcase@npm:^4.3.0":
  version: 4.3.0
  resolution: "lodash.camelcase@npm:4.3.0"
  checksum: cb9227612f71b83e42de93eccf1232feeb25e705bdb19ba26c04f91e885bfd3dd5c517c4a97137658190581d3493ea3973072ca010aab7e301046d90740393d1
  languageName: node
  linkType: hard

"long@npm:^4.0.0":
  version: 4.0.0
  resolution: "long@npm:4.0.0"
  checksum: 16afbe8f749c7c849db1f4de4e2e6a31ac6e617cead3bdc4f9605cb703cd20e1e9fc1a7baba674ffcca57d660a6e5b53a9e236d7b25a295d3855cca79cc06744
  languageName: node
  linkType: hard

"media-typer@npm:0.3.0":
  version: 0.3.0
  resolution: "media-typer@npm:0.3.0"
  checksum: af1b38516c28ec95d6b0826f6c8f276c58aec391f76be42aa07646b4e39d317723e869700933ca6995b056db4b09a78c92d5440dc23657e6764be5d28874bba1
  languageName: node
  linkType: hard

"merge-descriptors@npm:1.0.1":
  version: 1.0.1
  resolution: "merge-descriptors@npm:1.0.1"
  checksum: 5abc259d2ae25bb06d19ce2b94a21632583c74e2a9109ee1ba7fd147aa7362b380d971e0251069f8b3eb7d48c21ac839e21fa177b335e82c76ec172e30c31a26
  languageName: node
  linkType: hard

"methods@npm:~1.1.2":
  version: 1.1.2
  resolution: "methods@npm:1.1.2"
  checksum: 0917ff4041fa8e2f2fda5425a955fe16ca411591fbd123c0d722fcf02b73971ed6f764d85f0a6f547ce49ee0221ce2c19a5fa692157931cecb422984f1dcd13a
  languageName: node
  linkType: hard

"mime-db@npm:1.51.0":
  version: 1.51.0
  resolution: "mime-db@npm:1.51.0"
  checksum: 613b1ac9d6e725cc24444600b124a7f1ce6c60b1baa654f39a3e260d0995a6dffc5693190217e271af7e2a5612dae19f2a73f3e316707d797a7391165f7ef423
  languageName: node
  linkType: hard

"mime-types@npm:~2.1.24":
  version: 2.1.34
  resolution: "mime-types@npm:2.1.34"
  dependencies:
    mime-db: 1.51.0
  checksum: 67013de9e9d6799bde6d669d18785b7e18bcd212e710d3e04a4727f92f67a8ad4e74aee24be28b685adb794944814bde649119b58ee3282ffdbee58f9278d9f3
  languageName: node
  linkType: hard

"mime@npm:1.6.0":
  version: 1.6.0
  resolution: "mime@npm:1.6.0"
  bin:
    mime: cli.js
  checksum: fef25e39263e6d207580bdc629f8872a3f9772c923c7f8c7e793175cee22777bbe8bba95e5d509a40aaa292d8974514ce634ae35769faa45f22d17edda5e8557
  languageName: node
  linkType: hard

"moment@npm:^2.29.1":
  version: 2.29.1
  resolution: "moment@npm:2.29.1"
  checksum: 1e14d5f422a2687996be11dd2d50c8de3bd577c4a4ca79ba5d02c397242a933e5b941655de6c8cb90ac18f01cc4127e55b4a12ae3c527a6c0a274e455979345e
  languageName: node
  linkType: hard

"ms@npm:2.0.0":
  version: 2.0.0
  resolution: "ms@npm:2.0.0"
  checksum: 0e6a22b8b746d2e0b65a430519934fefd41b6db0682e3477c10f60c76e947c4c0ad06f63ffdf1d78d335f83edee8c0aa928aa66a36c7cd95b69b26f468d527f4
  languageName: node
  linkType: hard

"ms@npm:2.1.1":
  version: 2.1.1
  resolution: "ms@npm:2.1.1"
  checksum: 0078a23cd916a9a7435c413caa14c57d4b4f6e2470e0ab554b6964163c8a4436448ac7ae020e883685475da6b6796cc396b670f579cb275db288a21e3e57721e
  languageName: node
  linkType: hard

"negotiator@npm:0.6.2":
  version: 0.6.2
  resolution: "negotiator@npm:0.6.2"
  checksum: dfddaff6c06792f1c4c3809e29a427b8daef8cd437c83b08dd51d7ee11bbd1c29d9512d66b801144d6c98e910ffd8723f2432e0cbf8b18d41d2a09599c975ab3
  languageName: node
  linkType: hard

"object-assign@npm:^4":
  version: 4.1.1
  resolution: "object-assign@npm:4.1.1"
  checksum: fcc6e4ea8c7fe48abfbb552578b1c53e0d194086e2e6bbbf59e0a536381a292f39943c6e9628af05b5528aa5e3318bb30d6b2e53cadaf5b8fe9e12c4b69af23f
  languageName: node
  linkType: hard

"on-finished@npm:~2.3.0":
  version: 2.3.0
  resolution: "on-finished@npm:2.3.0"
  dependencies:
    ee-first: 1.1.1
  checksum: 1db595bd963b0124d6fa261d18320422407b8f01dc65863840f3ddaaf7bcad5b28ff6847286703ca53f4ec19595bd67a2f1253db79fc4094911ec6aa8df1671b
  languageName: node
  linkType: hard

"p-limit@npm:^1.1.0":
  version: 1.3.0
  resolution: "p-limit@npm:1.3.0"
  dependencies:
    p-try: ^1.0.0
  checksum: 281c1c0b8c82e1ac9f81acd72a2e35d402bf572e09721ce5520164e9de07d8274451378a3470707179ad13240535558f4b277f02405ad752e08c7d5b0d54fbfd
  languageName: node
  linkType: hard

"p-locate@npm:^2.0.0":
  version: 2.0.0
  resolution: "p-locate@npm:2.0.0"
  dependencies:
    p-limit: ^1.1.0
  checksum: e2dceb9b49b96d5513d90f715780f6f4972f46987dc32a0e18bc6c3fc74a1a5d73ec5f81b1398af5e58b99ea1ad03fd41e9181c01fa81b4af2833958696e3081
  languageName: node
  linkType: hard

"p-try@npm:^1.0.0":
  version: 1.0.0
  resolution: "p-try@npm:1.0.0"
  checksum: 3b5303f77eb7722144154288bfd96f799f8ff3e2b2b39330efe38db5dd359e4fb27012464cd85cb0a76e9b7edd1b443568cb3192c22e7cffc34989df0bafd605
  languageName: node
  linkType: hard

"parseurl@npm:~1.3.3":
  version: 1.3.3
  resolution: "parseurl@npm:1.3.3"
  checksum: 407cee8e0a3a4c5cd472559bca8b6a45b82c124e9a4703302326e9ab60fc1081442ada4e02628efef1eb16197ddc7f8822f5a91fd7d7c86b51f530aedb17dfa2
  languageName: node
  linkType: hard

"path-exists@npm:^3.0.0":
  version: 3.0.0
  resolution: "path-exists@npm:3.0.0"
  checksum: 96e92643aa34b4b28d0de1cd2eba52a1c5313a90c6542d03f62750d82480e20bfa62bc865d5cfc6165f5fcd5aeb0851043c40a39be5989646f223300021bae0a
  languageName: node
  linkType: hard

"path-to-regexp@npm:0.1.7":
  version: 0.1.7
  resolution: "path-to-regexp@npm:0.1.7"
  checksum: 69a14ea24db543e8b0f4353305c5eac6907917031340e5a8b37df688e52accd09e3cebfe1660b70d76b6bd89152f52183f28c74813dbf454ba1a01c82a38abce
  languageName: node
  linkType: hard

"pkg-dir@npm:^2.0.0":
  version: 2.0.0
  resolution: "pkg-dir@npm:2.0.0"
  dependencies:
    find-up: ^2.1.0
  checksum: 8c72b712305b51e1108f0ffda5ec1525a8307e54a5855db8fb1dcf77561a5ae98e2ba3b4814c9806a679f76b2f7e5dd98bde18d07e594ddd9fdd25e9cf242ea1
  languageName: node
  linkType: hard

"protobufjs@npm:^6.10.0, protobufjs@npm:^6.8.6":
  version: 6.11.2
  resolution: "protobufjs@npm:6.11.2"
  dependencies:
    "@protobufjs/aspromise": ^1.1.2
    "@protobufjs/base64": ^1.1.2
    "@protobufjs/codegen": ^2.0.4
    "@protobufjs/eventemitter": ^1.1.0
    "@protobufjs/fetch": ^1.1.0
    "@protobufjs/float": ^1.0.2
    "@protobufjs/inquire": ^1.1.0
    "@protobufjs/path": ^1.1.2
    "@protobufjs/pool": ^1.1.0
    "@protobufjs/utf8": ^1.1.0
    "@types/long": ^4.0.1
    "@types/node": ">=13.7.0"
    long: ^4.0.0
  bin:
    pbjs: bin/pbjs
    pbts: bin/pbts
  checksum: 80e9d9610c3eb66f9eae4e44a1ae30381cedb721b7d5f635d781fe4c507e2c77bb7c879addcd1dda79733d3ae589d9e66fd18d42baf99b35df7382a0f9920795
  languageName: node
  linkType: hard

"proxy-addr@npm:~2.0.5":
  version: 2.0.7
  resolution: "proxy-addr@npm:2.0.7"
  dependencies:
    forwarded: 0.2.0
    ipaddr.js: 1.9.1
  checksum: 29c6990ce9364648255454842f06f8c46fcd124d3e6d7c5066df44662de63cdc0bad032e9bf5a3d653ff72141cc7b6019873d685708ac8210c30458ad99f2b74
  languageName: node
  linkType: hard

"qs@npm:6.7.0":
  version: 6.7.0
  resolution: "qs@npm:6.7.0"
  checksum: dfd5f6adef50e36e908cfa70a6233871b5afe66fbaca37ecc1da352ba29eb2151a3797991948f158bb37fccde51bd57845cb619a8035287bfc24e4591172c347
  languageName: node
  linkType: hard

"range-parser@npm:~1.2.1":
  version: 1.2.1
  resolution: "range-parser@npm:1.2.1"
  checksum: 0a268d4fea508661cf5743dfe3d5f47ce214fd6b7dec1de0da4d669dd4ef3d2144468ebe4179049eff253d9d27e719c88dae55be64f954e80135a0cada804ec9
  languageName: node
  linkType: hard

"raw-body@npm:2.4.0":
  version: 2.4.0
  resolution: "raw-body@npm:2.4.0"
  dependencies:
    bytes: 3.1.0
    http-errors: 1.7.2
    iconv-lite: 0.4.24
    unpipe: 1.0.0
  checksum: 6343906939e018c6e633a34a938a5d6d1e93ffcfa48646e00207d53b418e941953b521473950c079347220944dc75ba10e7b3c08bf97e3ac72c7624882db09bb
  languageName: node
  linkType: hard

"require-directory@npm:^2.1.1":
  version: 2.1.1
  resolution: "require-directory@npm:2.1.1"
  checksum: fb47e70bf0001fdeabdc0429d431863e9475e7e43ea5f94ad86503d918423c1543361cc5166d713eaa7029dd7a3d34775af04764bebff99ef413111a5af18c80
  languageName: node
  linkType: hard

"safe-buffer@npm:5.1.2":
  version: 5.1.2
  resolution: "safe-buffer@npm:5.1.2"
  checksum: f2f1f7943ca44a594893a852894055cf619c1fbcb611237fc39e461ae751187e7baf4dc391a72125e0ac4fb2d8c5c0b3c71529622e6a58f46b960211e704903c
  languageName: node
  linkType: hard

"safer-buffer@npm:>= 2.1.2 < 3":
  version: 2.1.2
  resolution: "safer-buffer@npm:2.1.2"
  checksum: cab8f25ae6f1434abee8d80023d7e72b598cf1327164ddab31003c51215526801e40b66c5e65d658a0af1e9d6478cadcb4c745f4bd6751f97d8644786c0978b0
  languageName: node
  linkType: hard

"send@npm:0.17.1":
  version: 0.17.1
  resolution: "send@npm:0.17.1"
  dependencies:
    debug: 2.6.9
    depd: ~1.1.2
    destroy: ~1.0.4
    encodeurl: ~1.0.2
    escape-html: ~1.0.3
    etag: ~1.8.1
    fresh: 0.5.2
    http-errors: ~1.7.2
    mime: 1.6.0
    ms: 2.1.1
    on-finished: ~2.3.0
    range-parser: ~1.2.1
    statuses: ~1.5.0
  checksum: d214c2fa42e7fae3f8fc1aa3931eeb3e6b78c2cf141574e09dbe159915c1e3a337269fc6b7512e7dfddcd7d6ff5974cb62f7c3637ba86a55bde20a92c18bdca0
  languageName: node
  linkType: hard

"serve-static@npm:1.14.1":
  version: 1.14.1
  resolution: "serve-static@npm:1.14.1"
  dependencies:
    encodeurl: ~1.0.2
    escape-html: ~1.0.3
    parseurl: ~1.3.3
    send: 0.17.1
  checksum: c6b268e8486d39ecd54b86c7f2d0ee4a38cd7514ddd9c92c8d5793bb005afde5e908b12395898ae206782306ccc848193d93daa15b86afb3cbe5a8414806abe8
  languageName: node
  linkType: hard

"setprototypeof@npm:1.1.1":
  version: 1.1.1
  resolution: "setprototypeof@npm:1.1.1"
  checksum: a8bee29c1c64c245d460ce53f7460af8cbd0aceac68d66e5215153992cc8b3a7a123416353e0c642060e85cc5fd4241c92d1190eec97eda0dcb97436e8fcca3b
  languageName: node
  linkType: hard

"statuses@npm:>= 1.5.0 < 2, statuses@npm:~1.5.0":
  version: 1.5.0
  resolution: "statuses@npm:1.5.0"
  checksum: c469b9519de16a4bb19600205cffb39ee471a5f17b82589757ca7bd40a8d92ebb6ed9f98b5a540c5d302ccbc78f15dc03cc0280dd6e00df1335568a5d5758a5c
  languageName: node
  linkType: hard

"string-width@npm:^4.1.0, string-width@npm:^4.2.0":
  version: 4.2.3
  resolution: "string-width@npm:4.2.3"
  dependencies:
    emoji-regex: ^8.0.0
    is-fullwidth-code-point: ^3.0.0
    strip-ansi: ^6.0.1
  checksum: e52c10dc3fbfcd6c3a15f159f54a90024241d0f149cf8aed2982a2d801d2e64df0bf1dc351cf8e95c3319323f9f220c16e740b06faecd53e2462df1d2b5443fb
  languageName: node
  linkType: hard

"strip-ansi@npm:^6.0.0, strip-ansi@npm:^6.0.1":
  version: 6.0.1
  resolution: "strip-ansi@npm:6.0.1"
  dependencies:
    ansi-regex: ^5.0.1
  checksum: f3cd25890aef3ba6e1a74e20896c21a46f482e93df4a06567cebf2b57edabb15133f1f94e57434e0a958d61186087b1008e89c94875d019910a213181a14fc8c
  languageName: node
  linkType: hard

"toidentifier@npm:1.0.0":
  version: 1.0.0
  resolution: "toidentifier@npm:1.0.0"
  checksum: 199e6bfca1531d49b3506cff02353d53ec987c9ee10ee272ca6484ed97f1fc10fb77c6c009079ca16d5c5be4a10378178c3cacdb41ce9ec954c3297c74c6053e
  languageName: node
  linkType: hard

"ts-protoc-gen@npm:^0.8.0":
  version: 0.8.0
  resolution: "ts-protoc-gen@npm:0.8.0"
  dependencies:
    google-protobuf: ^3.6.1
  bin:
    protoc-gen-ts: bin/protoc-gen-ts
  checksum: 615fad0f7f948e779fa06d18d1898c03516c2ffdfa5a911bcd4dc754756c0e5bc8469110edc8de402c0f7ce9f1fb0351f26fccf569148c1f2de78d76f7c3c767
  languageName: node
  linkType: hard

"type-is@npm:~1.6.17, type-is@npm:~1.6.18":
  version: 1.6.18
  resolution: "type-is@npm:1.6.18"
  dependencies:
    media-typer: 0.3.0
    mime-types: ~2.1.24
  checksum: 2c8e47675d55f8b4e404bcf529abdf5036c537a04c2b20177bcf78c9e3c1da69da3942b1346e6edb09e823228c0ee656ef0e033765ec39a70d496ef601a0c657
  languageName: node
  linkType: hard

"typescript@npm:^4.4.4":
  version: 4.4.4
  resolution: "typescript@npm:4.4.4"
  bin:
    tsc: bin/tsc
    tsserver: bin/tsserver
  checksum: 89ecb8436bb48ef5594d49289f5f89103071716b6e4844278f4fb3362856e31203e187a9c76d205c3f0b674d221a058fd28310dbcbcf5d95e9a57229bb5203f1
  languageName: node
  linkType: hard

"typescript@patch:typescript@^4.4.4#~builtin<compat/typescript>":
  version: 4.4.4
  resolution: "typescript@patch:typescript@npm%3A4.4.4#~builtin<compat/typescript>::version=4.4.4&hash=ddd1e8"
  bin:
    tsc: bin/tsc
    tsserver: bin/tsserver
  checksum: bd629ad0da4a15d79aaad56baf3ee7d96f6a181760d430ae77f8c5325df7bffd9edee57544a3970e3651e8b796fe03a5838a7eb39c6d46cc3866c0b23d36a0dd
  languageName: node
  linkType: hard

"unpipe@npm:1.0.0, unpipe@npm:~1.0.0":
  version: 1.0.0
  resolution: "unpipe@npm:1.0.0"
  checksum: 4fa18d8d8d977c55cb09715385c203197105e10a6d220087ec819f50cb68870f02942244f1017565484237f1f8c5d3cd413631b1ae104d3096f24fdfde1b4aa2
  languageName: node
  linkType: hard

"utils-merge@npm:1.0.1":
  version: 1.0.1
  resolution: "utils-merge@npm:1.0.1"
  checksum: c81095493225ecfc28add49c106ca4f09cdf56bc66731aa8dabc2edbbccb1e1bfe2de6a115e5c6a380d3ea166d1636410b62ef216bb07b3feb1cfde1d95d5080
  languageName: node
  linkType: hard

"vary@npm:^1, vary@npm:~1.1.2":
  version: 1.1.2
  resolution: "vary@npm:1.1.2"
  checksum: ae0123222c6df65b437669d63dfa8c36cee20a504101b2fcd97b8bf76f91259c17f9f2b4d70a1e3c6bbcee7f51b28392833adb6b2770b23b01abec84e369660b
  languageName: node
  linkType: hard

"wrap-ansi@npm:^7.0.0":
  version: 7.0.0
  resolution: "wrap-ansi@npm:7.0.0"
  dependencies:
    ansi-styles: ^4.0.0
    string-width: ^4.1.0
    strip-ansi: ^6.0.0
  checksum: a790b846fd4505de962ba728a21aaeda189b8ee1c7568ca5e817d85930e06ef8d1689d49dbf0e881e8ef84436af3a88bc49115c2e2788d841ff1b8b5b51a608b
  languageName: node
  linkType: hard

"y18n@npm:^5.0.5":
  version: 5.0.8
  resolution: "y18n@npm:5.0.8"
  checksum: 54f0fb95621ee60898a38c572c515659e51cc9d9f787fb109cef6fde4befbe1c4602dc999d30110feee37456ad0f1660fa2edcfde6a9a740f86a290999550d30
  languageName: node
  linkType: hard

"yargs-parser@npm:^20.2.2":
  version: 20.2.9
  resolution: "yargs-parser@npm:20.2.9"
  checksum: 8bb69015f2b0ff9e17b2c8e6bfe224ab463dd00ca211eece72a4cd8a906224d2703fb8a326d36fdd0e68701e201b2a60ed7cf81ce0fd9b3799f9fe7745977ae3
  languageName: node
  linkType: hard

"yargs@npm:^16.1.1":
  version: 16.2.0
  resolution: "yargs@npm:16.2.0"
  dependencies:
    cliui: ^7.0.2
    escalade: ^3.1.1
    get-caller-file: ^2.0.5
    require-directory: ^2.1.1
    string-width: ^4.2.0
    y18n: ^5.0.5
    yargs-parser: ^20.2.2
  checksum: b14afbb51e3251a204d81937c86a7e9d4bdbf9a2bcee38226c900d00f522969ab675703bee2a6f99f8e20103f608382936034e64d921b74df82b63c07c5e8f59
  languageName: node
  linkType: hard
